<?xml version="1.0" encoding="utf-8"?>
<Project ToolsVersion="4.0" xmlns="http://schemas.microsoft.com/developer/msbuild/2003">
  <ItemGroup>
    <Filter Include="src">
      <UniqueIdentifier>{4FC737F1-C7A5-4376-A066-2A32D752A2FF}</UniqueIdentifier>
      <Extensions>h;hh;hpp;hxx;hm;inl;inc;xsd;cpp;c;cc;cxx;def;odl;idl;hpj;bat;asm;asmx</Extensions>
    </Filter>
    <Filter Include="src\basic">
      <UniqueIdentifier>{2a71d903-0ac4-4a12-ad4b-1e5799003068}</UniqueIdentifier>
    </Filter>
    <Filter Include="src\server">
      <UniqueIdentifier>{ff4d687c-196c-46b6-81cd-4b56c8e6c1aa}</UniqueIdentifier>
    </Filter>
    <Filter Include="src\server\common">
      <UniqueIdentifier>{fa68bc99-4581-4660-bbcb-0c7bf99b840e}</UniqueIdentifier>
    </Filter>
  </ItemGroup>
  <ItemGroup>
    <ClCompile Include="..\..\..\..\src\main\kvdb-server\kvdb-server.cpp">
      <Filter>src</Filter>
    </ClCompile>
    <ClCompile Include="..\..\..\..\src\main\kvdb-server\server\connection_manager.cpp">
      <Filter>src\server</Filter>
    </ClCompile>
    <ClCompile Include="..\..\..\..\src\main\kvdb-server\server\connection.cpp">
      <Filter>src\server</Filter>
    </ClCompile>
    <ClCompile Include="..\..\..\..\src\main\kvdb-server\server\request_handler.cpp">
      <Filter>src\server</Filter>
    </ClCompile>
    <ClCompile Include="..\..\..\..\src\main\kvdb-server\server\request_parser.cpp">
      <Filter>src\server</Filter>
    </ClCompile>
    <ClCompile Include="..\..\..\..\src\main\kvdb-server\server\response.cpp">
      <Filter>src\server</Filter>
    </ClCompile>
  </ItemGroup>
  <ItemGroup>
    <ClInclude Include="..\..\..\..\src\main\kvdb-server\server\connection_manager.h">
      <Filter>src\server</Filter>
    </ClInclude>
    <ClInclude Include="..\..\..\..\src\main\kvdb-server\server\connection.h">
      <Filter>src\server</Filter>
    </ClInclude>
    <ClInclude Include="..\..\..\..\src\main\kvdb-server\server\request.h">
      <Filter>src\server</Filter>
    </ClInclude>
    <ClInclude Include="..\..\..\..\src\main\kvdb-server\server\request_handler.h">
      <Filter>src\server</Filter>
    </ClInclude>
    <ClInclude Include="..\..\..\..\src\main\kvdb-server\server\request_parser.h">
      <Filter>src\server</Filter>
    </ClInclude>
    <ClInclude Include="..\..\..\..\src\main\kvdb-server\server\header_field.h">
      <Filter>src\server</Filter>
    </ClInclude>
    <ClInclude Include="..\..\..\..\src\main\kvdb-server\server\response.h">
      <Filter>src\server</Filter>
    </ClInclude>
    <ClInclude Include="..\..\..\..\src\main\kvdb-server\server\common\cmd_utils.h">
      <Filter>src\server\common</Filter>
    </ClInclude>
    <ClInclude Include="..\..\..\..\src\main\kvdb-server\server\common\aligned_atomic.h">
      <Filter>src\server\common</Filter>
    </ClInclude>
    <ClInclude Include="..\..\..\..\src\main\kvdb-server\server\io_service_pool.h">
      <Filter>src\server</Filter>
    </ClInclude>
    <ClInclude Include="..\..\..\..\src\main\kvdb-server\server\common\boost_asio_msvc.h">
      <Filter>src\server\common</Filter>
    </ClInclude>
    <ClInclude Include="..\..\..\..\src\main\kvdb-server\server\common.h">
      <Filter>src\server</Filter>
    </ClInclude>
    <ClInclude Include="..\..\..\..\src\main\kvdb-server\server\kvdb_server.h">
      <Filter>src\server</Filter>
    </ClInclude>
    <ClInclude Include="..\..\..\..\src\main\kvdb-server\server\kvdb_connection.h">
      <Filter>src\server</Filter>
    </ClInclude>
  </ItemGroup>
</Project>