<?xml version="1.0" encoding="utf-8"?>
<Project ToolsVersion="4.0" xmlns="http://schemas.microsoft.com/developer/msbuild/2003">
  <ItemGroup>
    <Filter Include="src">
      <UniqueIdentifier>{4FC737F1-C7A5-4376-A066-2A32D752A2FF}</UniqueIdentifier>
      <Extensions>h;hh;hpp;hxx;hm;inl;inc;xsd;cpp;c;cc;cxx;def;odl;idl;hpj;bat;asm;asmx</Extensions>
    </Filter>
    <Filter Include="src\client">
      <UniqueIdentifier>{ced8a295-22b2-4381-a460-e26325a79ed2}</UniqueIdentifier>
    </Filter>
  </ItemGroup>
  <ItemGroup>
    <ClCompile Include="..\..\..\..\src\main\kvdb-cli\kvdb-cli.cpp">
      <Filter>src</Filter>
    </ClCompile>
    <ClCompile Include="..\..\..\..\src\main\kvdb-cli\client\KvdbClientApp.cpp">
      <Filter>src\client</Filter>
    </ClCompile>
  </ItemGroup>
  <ItemGroup>
    <ClInclude Include="..\..\..\..\src\main\kvdb-cli\client\KvdbClient.h">
      <Filter>src\client</Filter>
    </ClInclude>
    <ClInclude Include="..\..\..\..\src\main\kvdb-cli\client\KvdbClientConfig.h">
      <Filter>src\client</Filter>
    </ClInclude>
    <ClInclude Include="..\..\..\..\src\main\kvdb-cli\client\KvdbClientApp.h">
      <Filter>src\client</Filter>
    </ClInclude>
    <ClInclude Include="..\..\..\..\src\main\kvdb-cli\client\ClientContext.h">
      <Filter>src\client</Filter>
    </ClInclude>
    <ClInclude Include="..\..\..\..\src\main\kvdb-cli\client\SendClientRequest.h">
      <Filter>src\client</Filter>
    </ClInclude>
    <ClInclude Include="..\..\..\..\src\main\kvdb-cli\client\Common.h">
      <Filter>src\client</Filter>
    </ClInclude>
    <ClInclude Include="..\..\..\..\src\main\kvdb-cli\client\HandleClientResponse.h">
      <Filter>src\client</Filter>
    </ClInclude>
  </ItemGroup>
</Project>